
Microsoft Visual Studio Solution File, Format Version 12.00
# Visual Studio Version 16
VisualStudioVersion = 16.0.31313.79
MinimumVisualStudioVersion = 10.0.40219.1
Project("{FAE04EC0-301F-11D3-BF4B-00C04F79EFBC}") = "FloatMeter", "FloatMeter\FloatMeter.csproj", "{EC909D6C-E34E-45BC-A5DB-C3D9B625B028}"
EndProject
Global
	GlobalSection(SolutionConfigurationPlatforms) = preSolution
		Debug|Any CPU = Debug|Any CPU
		Release|Any CPU = Release|Any CPU
	EndGlobalSection
	GlobalSection(ProjectConfigurationPlatforms) = postSolution
		{EC909D6C-E34E-45BC-A5DB-C3D9B625B028}.Debug|Any CPU.ActiveCfg = Debug|Any CPU
		{EC909D6C-E34E-45BC-A5DB-C3D9B625B028}.Debug|Any CPU.Build.0 = Debug|Any CPU
		{EC909D6C-E34E-45BC-A5DB-C3D9B625B028}.Release|Any CPU.ActiveCfg = Release|Any CPU
		{EC909D6C-E34E-45BC-A5DB-C3D9B625B028}.Release|Any CPU.Build.0 = Release|Any CPU
	EndGlobalSection
	GlobalSection(SolutionProperties) = preSolution
		HideSolutionNode = FALSE
	EndGlobalSection
	GlobalSection(ExtensibilityGlobals) = postSolution
		SolutionGuid = {50BC9512-E7D8-45A0-9F1C-2BB7C030C0B1}
	EndGlobalSection
EndGlobal
